
Microsoft Visual Studio Solution File, Format Version 12.00
# Visual Studio 2012
Project("{FAE04EC0-301F-11D3-BF4B-00C04F79EFBC}") = "TestApp", "TestApp\TestApp.csproj", "{943CE81B-7D7D-48E4-88A4-4A248FCCF03B}"
EndProject
Project("{FAE04EC0-301F-11D3-BF4B-00C04F79EFBC}") = "TestApp.Droid", "Droid\TestApp.Droid.csproj", "{C8DB010A-DEEA-44E9-9FE3-EA817D3B8DAA}"
EndProject
Project("{FAE04EC0-301F-11D3-BF4B-00C04F79EFBC}") = "TestApp.iOS", "iOS\TestApp.iOS.csproj", "{8CB235C8-FF48-49D7-99D7-9CBFEE8759D0}"
EndProject
Global
	GlobalSection(SolutionConfigurationPlatforms) = preSolution
		Debug|Any CPU = Debug|Any CPU
		Release|Any CPU = Release|Any CPU
		Debug|iPhoneSimulator = Debug|iPhoneSimulator
		Release|iPhone = Release|iPhone
		Release|iPhoneSimulator = Release|iPhoneSimulator
		Debug|iPhone = Debug|iPhone
	EndGlobalSection
	GlobalSection(ProjectConfigurationPlatforms) = postSolution
		{943CE81B-7D7D-48E4-88A4-4A248FCCF03B}.Debug|Any CPU.ActiveCfg = Debug|Any CPU
		{943CE81B-7D7D-48E4-88A4-4A248FCCF03B}.Debug|Any CPU.Build.0 = Debug|Any CPU
		{943CE81B-7D7D-48E4-88A4-4A248FCCF03B}.Release|Any CPU.ActiveCfg = Release|Any CPU
		{943CE81B-7D7D-48E4-88A4-4A248FCCF03B}.Release|Any CPU.Build.0 = Release|Any CPU
		{943CE81B-7D7D-48E4-88A4-4A248FCCF03B}.Debug|iPhoneSimulator.ActiveCfg = Debug|Any CPU
		{943CE81B-7D7D-48E4-88A4-4A248FCCF03B}.Debug|iPhoneSimulator.Build.0 = Debug|Any CPU
		{943CE81B-7D7D-48E4-88A4-4A248FCCF03B}.Release|iPhone.ActiveCfg = Release|Any CPU
		{943CE81B-7D7D-48E4-88A4-4A248FCCF03B}.Release|iPhone.Build.0 = Release|Any CPU
		{943CE81B-7D7D-48E4-88A4-4A248FCCF03B}.Release|iPhoneSimulator.ActiveCfg = Release|Any CPU
		{943CE81B-7D7D-48E4-88A4-4A248FCCF03B}.Release|iPhoneSimulator.Build.0 = Release|Any CPU
		{943CE81B-7D7D-48E4-88A4-4A248FCCF03B}.Debug|iPhone.ActiveCfg = Debug|Any CPU
		{943CE81B-7D7D-48E4-88A4-4A248FCCF03B}.Debug|iPhone.Build.0 = Debug|Any CPU
		{C8DB010A-DEEA-44E9-9FE3-EA817D3B8DAA}.Debug|Any CPU.ActiveCfg = Debug|Any CPU
		{C8DB010A-DEEA-44E9-9FE3-EA817D3B8DAA}.Debug|Any CPU.Build.0 = Debug|Any CPU
		{C8DB010A-DEEA-44E9-9FE3-EA817D3B8DAA}.Release|Any CPU.ActiveCfg = Release|Any CPU
		{C8DB010A-DEEA-44E9-9FE3-EA817D3B8DAA}.Release|Any CPU.Build.0 = Release|Any CPU
		{C8DB010A-DEEA-44E9-9FE3-EA817D3B8DAA}.Debug|iPhoneSimulator.ActiveCfg = Debug|Any CPU
		{C8DB010A-DEEA-44E9-9FE3-EA817D3B8DAA}.Debug|iPhoneSimulator.Build.0 = Debug|Any CPU
		{C8DB010A-DEEA-44E9-9FE3-EA817D3B8DAA}.Release|iPhone.ActiveCfg = Release|Any CPU
		{C8DB010A-DEEA-44E9-9FE3-EA817D3B8DAA}.Release|iPhone.Build.0 = Release|Any CPU
		{C8DB010A-DEEA-44E9-9FE3-EA817D3B8DAA}.Release|iPhoneSimulator.ActiveCfg = Release|Any CPU
		{C8DB010A-DEEA-44E9-9FE3-EA817D3B8DAA}.Release|iPhoneSimulator.Build.0 = Release|Any CPU
		{C8DB010A-DEEA-44E9-9FE3-EA817D3B8DAA}.Debug|iPhone.ActiveCfg = Debug|Any CPU
		{C8DB010A-DEEA-44E9-9FE3-EA817D3B8DAA}.Debug|iPhone.Build.0 = Debug|Any CPU
		{8CB235C8-FF48-49D7-99D7-9CBFEE8759D0}.Debug|Any CPU.ActiveCfg = Debug|iPhoneSimulator
		{8CB235C8-FF48-49D7-99D7-9CBFEE8759D0}.Debug|Any CPU.Build.0 = Debug|iPhoneSimulator
		{8CB235C8-FF48-49D7-99D7-9CBFEE8759D0}.Release|Any CPU.ActiveCfg = Release|iPhone
		{8CB235C8-FF48-49D7-99D7-9CBFEE8759D0}.Release|Any CPU.Build.0 = Release|iPhone
		{8CB235C8-FF48-49D7-99D7-9CBFEE8759D0}.Debug|iPhoneSimulator.ActiveCfg = Debug|iPhoneSimulator
		{8CB235C8-FF48-49D7-99D7-9CBFEE8759D0}.Debug|iPhoneSimulator.Build.0 = Debug|iPhoneSimulator
		{8CB235C8-FF48-49D7-99D7-9CBFEE8759D0}.Release|iPhone.ActiveCfg = Release|iPhone
		{8CB235C8-FF48-49D7-99D7-9CBFEE8759D0}.Release|iPhone.Build.0 = Release|iPhone
		{8CB235C8-FF48-49D7-99D7-9CBFEE8759D0}.Release|iPhoneSimulator.ActiveCfg = Release|iPhoneSimulator
		{8CB235C8-FF48-49D7-99D7-9CBFEE8759D0}.Release|iPhoneSimulator.Build.0 = Release|iPhoneSimulator
		{8CB235C8-FF48-49D7-99D7-9CBFEE8759D0}.Debug|iPhone.ActiveCfg = Debug|iPhone
		{8CB235C8-FF48-49D7-99D7-9CBFEE8759D0}.Debug|iPhone.Build.0 = Debug|iPhone
	EndGlobalSection
EndGlobal
